
Microsoft Visual Studio Solution File, Format Version 12.00
# Visual Studio 15
VisualStudioVersion = 15.0.27703.2042
MinimumVisualStudioVersion = 10.0.40219.1
Project("{9A19103F-16F7-4668-BE54-9A1E7A4F7556}") = "UserService", "UserService\UserService.csproj", "{32472B01-A535-4182-8196-29B6FF08F36A}"
EndProject
Project("{9A19103F-16F7-4668-BE54-9A1E7A4F7556}") = "OrderService", "OrderService\OrderService.csproj", "{7605EA8A-43D1-4674-811F-98DDAC86CCD0}"
EndProject
Project("{9A19103F-16F7-4668-BE54-9A1E7A4F7556}") = "ConsoleApp1", "ConsoleApp1\ConsoleApp1.csproj", "{C571228A-6BB6-49BA-8C26-90E4110B5207}"
EndProject
Project("{2150E333-8FDC-42A3-9474-1A3956D46DE8}") = "RPC", "RPC", "{D9F54FD4-80CE-4543-B91C-0934D1398E2E}"
EndProject
Project("{9A19103F-16F7-4668-BE54-9A1E7A4F7556}") = "Thrift", "RPC\Thrift\Thrift.csproj", "{7B3BE733-2ABE-4603-9C5B-D5C6F0C80A2C}"
EndProject
Project("{FAE04EC0-301F-11D3-BF4B-00C04F79EFBC}") = "RPC.ThriftInterface", "RPC\RPC.ThriftInterface\RPC.ThriftInterface.csproj", "{E9DE82D8-848F-4DE2-B95B-2B84EFB22826}"
EndProject
Project("{FAE04EC0-301F-11D3-BF4B-00C04F79EFBC}") = "RPC.ThriftServer", "RPC\RPC.ThriftServer\RPC.ThriftServer.csproj", "{E4677087-38FF-4945-A057-8C1E38AB13B1}"
EndProject
Project("{FAE04EC0-301F-11D3-BF4B-00C04F79EFBC}") = "RPC.ThriftClient", "RPC\RPC.ThriftClient\RPC.ThriftClient.csproj", "{0AE51414-3C11-4C7F-9F41-E9F3CA534962}"
EndProject
Global
	GlobalSection(SolutionConfigurationPlatforms) = preSolution
		Debug|Any CPU = Debug|Any CPU
		Release|Any CPU = Release|Any CPU
	EndGlobalSection
	GlobalSection(ProjectConfigurationPlatforms) = postSolution
		{32472B01-A535-4182-8196-29B6FF08F36A}.Debug|Any CPU.ActiveCfg = Debug|Any CPU
		{32472B01-A535-4182-8196-29B6FF08F36A}.Debug|Any CPU.Build.0 = Debug|Any CPU
		{32472B01-A535-4182-8196-29B6FF08F36A}.Release|Any CPU.ActiveCfg = Release|Any CPU
		{32472B01-A535-4182-8196-29B6FF08F36A}.Release|Any CPU.Build.0 = Release|Any CPU
		{7605EA8A-43D1-4674-811F-98DDAC86CCD0}.Debug|Any CPU.ActiveCfg = Debug|Any CPU
		{7605EA8A-43D1-4674-811F-98DDAC86CCD0}.Debug|Any CPU.Build.0 = Debug|Any CPU
		{7605EA8A-43D1-4674-811F-98DDAC86CCD0}.Release|Any CPU.ActiveCfg = Release|Any CPU
		{7605EA8A-43D1-4674-811F-98DDAC86CCD0}.Release|Any CPU.Build.0 = Release|Any CPU
		{C571228A-6BB6-49BA-8C26-90E4110B5207}.Debug|Any CPU.ActiveCfg = Debug|Any CPU
		{C571228A-6BB6-49BA-8C26-90E4110B5207}.Debug|Any CPU.Build.0 = Debug|Any CPU
		{C571228A-6BB6-49BA-8C26-90E4110B5207}.Release|Any CPU.ActiveCfg = Release|Any CPU
		{C571228A-6BB6-49BA-8C26-90E4110B5207}.Release|Any CPU.Build.0 = Release|Any CPU
		{7B3BE733-2ABE-4603-9C5B-D5C6F0C80A2C}.Debug|Any CPU.ActiveCfg = Debug|Any CPU
		{7B3BE733-2ABE-4603-9C5B-D5C6F0C80A2C}.Debug|Any CPU.Build.0 = Debug|Any CPU
		{7B3BE733-2ABE-4603-9C5B-D5C6F0C80A2C}.Release|Any CPU.ActiveCfg = Release|Any CPU
		{7B3BE733-2ABE-4603-9C5B-D5C6F0C80A2C}.Release|Any CPU.Build.0 = Release|Any CPU
		{E9DE82D8-848F-4DE2-B95B-2B84EFB22826}.Debug|Any CPU.ActiveCfg = Debug|Any CPU
		{E9DE82D8-848F-4DE2-B95B-2B84EFB22826}.Debug|Any CPU.Build.0 = Debug|Any CPU
		{E9DE82D8-848F-4DE2-B95B-2B84EFB22826}.Release|Any CPU.ActiveCfg = Release|Any CPU
		{E9DE82D8-848F-4DE2-B95B-2B84EFB22826}.Release|Any CPU.Build.0 = Release|Any CPU
		{E4677087-38FF-4945-A057-8C1E38AB13B1}.Debug|Any CPU.ActiveCfg = Debug|Any CPU
		{E4677087-38FF-4945-A057-8C1E38AB13B1}.Debug|Any CPU.Build.0 = Debug|Any CPU
		{E4677087-38FF-4945-A057-8C1E38AB13B1}.Release|Any CPU.ActiveCfg = Release|Any CPU
		{E4677087-38FF-4945-A057-8C1E38AB13B1}.Release|Any CPU.Build.0 = Release|Any CPU
		{0AE51414-3C11-4C7F-9F41-E9F3CA534962}.Debug|Any CPU.ActiveCfg = Debug|Any CPU
		{0AE51414-3C11-4C7F-9F41-E9F3CA534962}.Debug|Any CPU.Build.0 = Debug|Any CPU
		{0AE51414-3C11-4C7F-9F41-E9F3CA534962}.Release|Any CPU.ActiveCfg = Release|Any CPU
		{0AE51414-3C11-4C7F-9F41-E9F3CA534962}.Release|Any CPU.Build.0 = Release|Any CPU
	EndGlobalSection
	GlobalSection(SolutionProperties) = preSolution
		HideSolutionNode = FALSE
	EndGlobalSection
	GlobalSection(NestedProjects) = preSolution
		{7B3BE733-2ABE-4603-9C5B-D5C6F0C80A2C} = {D9F54FD4-80CE-4543-B91C-0934D1398E2E}
		{E9DE82D8-848F-4DE2-B95B-2B84EFB22826} = {D9F54FD4-80CE-4543-B91C-0934D1398E2E}
		{E4677087-38FF-4945-A057-8C1E38AB13B1} = {D9F54FD4-80CE-4543-B91C-0934D1398E2E}
		{0AE51414-3C11-4C7F-9F41-E9F3CA534962} = {D9F54FD4-80CE-4543-B91C-0934D1398E2E}
	EndGlobalSection
	GlobalSection(ExtensibilityGlobals) = postSolution
		SolutionGuid = {44E74468-58FC-4C97-88CD-6776106C46DC}
	EndGlobalSection
EndGlobal
